
Microsoft Visual Studio Solution File, Format Version 12.00
# Visual Studio Version 16
VisualStudioVersion = 16.0.31424.327
MinimumVisualStudioVersion = 10.0.40219.1
Project("{FAE04EC0-301F-11D3-BF4B-00C04F79EFBC}") = "winforms-chat", "winforms-chat\winforms-chat.csproj", "{0EA49095-42C0-46E4-AED5-33B04D2444CF}"
EndProject
Global
	GlobalSection(SolutionConfigurationPlatforms) = preSolution
		Debug|Any CPU = Debug|Any CPU
		Release|Any CPU = Release|Any CPU
	EndGlobalSection
	GlobalSection(ProjectConfigurationPlatforms) = postSolution
		{0EA49095-42C0-46E4-AED5-33B04D2444CF}.Debug|Any CPU.ActiveCfg = Debug|Any CPU
		{0EA49095-42C0-46E4-AED5-33B04D2444CF}.Debug|Any CPU.Build.0 = Debug|Any CPU
		{0EA49095-42C0-46E4-AED5-33B04D2444CF}.Release|Any CPU.ActiveCfg = Release|Any CPU
		{0EA49095-42C0-46E4-AED5-33B04D2444CF}.Release|Any CPU.Build.0 = Release|Any CPU
	EndGlobalSection
	GlobalSection(SolutionProperties) = preSolution
		HideSolutionNode = FALSE
	EndGlobalSection
	GlobalSection(ExtensibilityGlobals) = postSolution
		SolutionGuid = {3F82BBBD-C0D8-49E6-AAC1-25BD6EB823F6}
	EndGlobalSection
EndGlobal
